
Microsoft Visual Studio Solution File, Format Version 12.00
# Visual Studio Version 16
VisualStudioVersion = 16.0.32602.291
MinimumVisualStudioVersion = 10.0.40219.1
Project("{FAE04EC0-301F-11D3-BF4B-00C04F79EFBC}") = "MVCproject1", "MVCproject1\MVCproject1.csproj", "{DEADCCB4-51DF-46AD-BE82-95863407FB2A}"
EndProject
Global
	GlobalSection(SolutionConfigurationPlatforms) = preSolution
		Debug|Any CPU = Debug|Any CPU
		Release|Any CPU = Release|Any CPU
	EndGlobalSection
	GlobalSection(ProjectConfigurationPlatforms) = postSolution
		{DEADCCB4-51DF-46AD-BE82-95863407FB2A}.Debug|Any CPU.ActiveCfg = Debug|Any CPU
		{DEADCCB4-51DF-46AD-BE82-95863407FB2A}.Debug|Any CPU.Build.0 = Debug|Any CPU
		{DEADCCB4-51DF-46AD-BE82-95863407FB2A}.Release|Any CPU.ActiveCfg = Release|Any CPU
		{DEADCCB4-51DF-46AD-BE82-95863407FB2A}.Release|Any CPU.Build.0 = Release|Any CPU
	EndGlobalSection
	GlobalSection(SolutionProperties) = preSolution
		HideSolutionNode = FALSE
	EndGlobalSection
	GlobalSection(ExtensibilityGlobals) = postSolution
		SolutionGuid = {2BC60890-2C0D-4283-9913-9F2EFF32CFCD}
	EndGlobalSection
EndGlobal
